
Microsoft Visual Studio Solution File, Format Version 12.00
# Visual Studio 14
VisualStudioVersion = 14.0.25420.1
MinimumVisualStudioVersion = 10.0.40219.1
Project("{FAE04EC0-301F-11D3-BF4B-00C04F79EFBC}") = "WindowsFormsApplication1", "WindowsFormsApplication1\WindowsFormsApplication1.csproj", "{EFF7B1D9-9C52-40E1-B0FC-D7163D685DEF}"
EndProject
Project("{FAE04EC0-301F-11D3-BF4B-00C04F79EFBC}") = "sticky", "sticky\sticky.csproj", "{186EF7EF-799E-422B-85ED-E66AE77DF4B4}"
EndProject
Global
	GlobalSection(SolutionConfigurationPlatforms) = preSolution
		Debug|Any CPU = Debug|Any CPU
		Release|Any CPU = Release|Any CPU
	EndGlobalSection
	GlobalSection(ProjectConfigurationPlatforms) = postSolution
		{EFF7B1D9-9C52-40E1-B0FC-D7163D685DEF}.Debug|Any CPU.ActiveCfg = Debug|Any CPU
		{EFF7B1D9-9C52-40E1-B0FC-D7163D685DEF}.Debug|Any CPU.Build.0 = Debug|Any CPU
		{EFF7B1D9-9C52-40E1-B0FC-D7163D685DEF}.Release|Any CPU.ActiveCfg = Release|Any CPU
		{EFF7B1D9-9C52-40E1-B0FC-D7163D685DEF}.Release|Any CPU.Build.0 = Release|Any CPU
		{186EF7EF-799E-422B-85ED-E66AE77DF4B4}.Debug|Any CPU.ActiveCfg = Debug|Any CPU
		{186EF7EF-799E-422B-85ED-E66AE77DF4B4}.Debug|Any CPU.Build.0 = Debug|Any CPU
		{186EF7EF-799E-422B-85ED-E66AE77DF4B4}.Release|Any CPU.ActiveCfg = Release|Any CPU
		{186EF7EF-799E-422B-85ED-E66AE77DF4B4}.Release|Any CPU.Build.0 = Release|Any CPU
	EndGlobalSection
	GlobalSection(SolutionProperties) = preSolution
		HideSolutionNode = FALSE
	EndGlobalSection
EndGlobal
